<?xml version="1.0" encoding="utf-8"?>
<Project ToolsVersion="4.0" xmlns="http://schemas.microsoft.com/developer/msbuild/2003">
  <ItemGroup>
    <Filter Include="Source Files">
      <UniqueIdentifier>{4FC737F1-C7A5-4376-A066-2A32D752A2FF}</UniqueIdentifier>
      <Extensions>cpp;c;cc;cxx;c++;cppm;ixx;def;odl;idl;hpj;bat;asm;asmx</Extensions>
    </Filter>
    <Filter Include="Header Files">
      <UniqueIdentifier>{93995380-89BD-4b04-88EB-625FBE52EBFB}</UniqueIdentifier>
      <Extensions>h;hh;hpp;hxx;h++;hm;inl;inc;ipp;xsd</Extensions>
    </Filter>
    <Filter Include="Resource Files">
      <UniqueIdentifier>{67DA6AB6-F800-4c08-8B7A-83BB121AAD01}</UniqueIdentifier>
      <Extensions>rc;ico;cur;bmp;dlg;rc2;rct;bin;rgs;gif;jpg;jpeg;jpe;resx;tiff;tif;png;wav;mfcribbon-ms</Extensions>
    </Filter>
  </ItemGroup>
  <ItemGroup>
    <ClCompile Include="Source\masVision.cpp">
      <Filter>Source Files</Filter>
    </ClCompile>
    <ClCompile Include="Source\Window\masWindow.cpp">
      <Filter>Source Files</Filter>
    </ClCompile>
    <ClCompile Include="masLaunch.cpp">
      <Filter>Source Files</Filter>
    </ClCompile>
    <ClCompile Include="Source\Graphics\masGraphics.cpp">
      <Filter>Source Files</Filter>
    </ClCompile>
    <ClCompile Include="Source\Debug\Assert\masAssert.cpp">
      <Filter>Source Files</Filter>
    </ClCompile>
    <ClCompile Include="Source\Lab\Test1\Test1.cpp">
      <Filter>Source Files</Filter>
    </ClCompile>
    <ClCompile Include="Source\Time\masTime.cpp">
      <Filter>Source Files</Filter>
    </ClCompile>
    <ClCompile Include="Source\Lab\Test1\masModel.cpp">
      <Filter>Source Files</Filter>
    </ClCompile>
    <ClCompile Include="Source\Lab\Test1\masScene.cpp">
      <Filter>Source Files</Filter>
    </ClCompile>
    <ClCompile Include="Source\Lab\Test1\ImGuiSRC\imgui.cpp">
      <Filter>Source Files</Filter>
    </ClCompile>
    <ClCompile Include="Source\Lab\Test1\ImGuiSRC\imgui_draw.cpp">
      <Filter>Source Files</Filter>
    </ClCompile>
    <ClCompile Include="Source\Lab\Test1\ImGuiSRC\imgui_tables.cpp">
      <Filter>Source Files</Filter>
    </ClCompile>
    <ClCompile Include="Source\Lab\Test1\ImGuiSRC\imgui_widgets.cpp">
      <Filter>Source Files</Filter>
    </ClCompile>
    <ClCompile Include="Source\Lab\Test1\ImGuiSRC\imgui_impl_dx11.cpp">
      <Filter>Source Files</Filter>
    </ClCompile>
    <ClCompile Include="Source\Lab\Test1\ImGuiSRC\imgui_impl_win32.cpp">
      <Filter>Source Files</Filter>
    </ClCompile>
    <ClCompile Include="Source\Lab\Test1\Renderer\masRender.cpp">
      <Filter>Source Files</Filter>
    </ClCompile>
    <ClCompile Include="Source\Lab\Test1\RefactorCode\masScene.cpp">
      <Filter>Source Files</Filter>
    </ClCompile>
    <ClCompile Include="Source\Lab\Test1\RefactorCode\Pool\test\test.cpp">
      <Filter>Source Files</Filter>
    </ClCompile>
    <ClCompile Include="Source\Lab\Test1\RefactorCode\Pool\masRawPool.cpp">
      <Filter>Source Files</Filter>
    </ClCompile>
    <ClCompile Include="Source\Lab\Test1\RefactorCode\Pool\masPoolRegistery.cpp">
      <Filter>Source Files</Filter>
    </ClCompile>
    <ClCompile Include="Source\Lab\Test1\RefactorCode\Pool\MaterialSystem\masMaterialScalars.cpp">
      <Filter>Source Files</Filter>
    </ClCompile>
    <ClCompile Include="Source\Lab\Test1\RefactorCode\Pool\MaterialSystem\masTexture.cpp">
      <Filter>Source Files</Filter>
    </ClCompile>
    <ClCompile Include="Source\Lab\Test1\RefactorCode\Pool\MaterialSystem\masImageLoader.cpp">
      <Filter>Source Files</Filter>
    </ClCompile>
    <ClCompile Include="Source\Lab\Test1\RefactorCode\Pool\MaterialSystem\masTextureSampler.cpp">
      <Filter>Source Files</Filter>
    </ClCompile>
    <ClCompile Include="Source\Lab\Test1\RefactorCode\Pool\MaterialSystem\masMaterial.cpp">
      <Filter>Source Files</Filter>
    </ClCompile>
    <ClCompile Include="Source\Lab\Test1\RefactorCode\Pool\RefactorPool\masPool.cpp">
      <Filter>Source Files</Filter>
    </ClCompile>
    <ClCompile Include="Source\Lab\Test1\RefactorCode\Pool\RefactorPool\MaterialSystem\masTexture.cpp">
      <Filter>Source Files</Filter>
    </ClCompile>
    <ClCompile Include="Source\Lab\Test1\RefactorCode\Pool\RefactorPool\MaterialSystem\masImageLoader.cpp">
      <Filter>Source Files</Filter>
    </ClCompile>
    <ClCompile Include="Source\Lab\Test1\RefactorCode\Array\masArray.cpp">
      <Filter>Source Files</Filter>
    </ClCompile>
    <ClCompile Include="Source\Lab\Test1\RefactorCode\Array\masSceneGraph.cpp">
      <Filter>Source Files</Filter>
    </ClCompile>
    <ClCompile Include="Source\Lab\Test2\DataStructure\masSparseArray.cpp">
      <Filter>Source Files</Filter>
    </ClCompile>
    <ClCompile Include="Source\Lab\Test2\ECSFrame\Prototype_V1.cpp">
      <Filter>Source Files</Filter>
    </ClCompile>
  </ItemGroup>
  <ItemGroup>
    <ClInclude Include="Source\Window\masWindow.h">
      <Filter>Header Files</Filter>
    </ClInclude>
    <ClInclude Include="Source\masVision.h">
      <Filter>Header Files</Filter>
    </ClInclude>
    <ClInclude Include="Source\masCommon.h">
      <Filter>Header Files</Filter>
    </ClInclude>
    <ClInclude Include="Source\Graphics\masGraphics.h">
      <Filter>Header Files</Filter>
    </ClInclude>
    <ClInclude Include="Source\Debug\Assert\masAssert.h">
      <Filter>Header Files</Filter>
    </ClInclude>
    <ClInclude Include="Source\Lab\Test1\Test1.h">
      <Filter>Header Files</Filter>
    </ClInclude>
    <ClInclude Include="Source\Lab\LabAPI.h">
      <Filter>Header Files</Filter>
    </ClInclude>
    <ClInclude Include="Source\Time\masTime.h">
      <Filter>Header Files</Filter>
    </ClInclude>
    <ClInclude Include="Source\Lab\Test1\masModel.h">
      <Filter>Header Files</Filter>
    </ClInclude>
    <ClInclude Include="Source\Lab\Test1\masFileSearch.h">
      <Filter>Header Files</Filter>
    </ClInclude>
    <ClInclude Include="Source\Lab\Test1\masResourceMap.h">
      <Filter>Header Files</Filter>
    </ClInclude>
    <ClInclude Include="Source\Lab\Test1\masScene.h">
      <Filter>Header Files</Filter>
    </ClInclude>
    <ClInclude Include="Source\Lab\Test1\ImGuiSRC\imgui_impl_dx11.h">
      <Filter>Header Files</Filter>
    </ClInclude>
    <ClInclude Include="Source\Lab\Test1\ImGuiSRC\imgui_impl_win32.h">
      <Filter>Header Files</Filter>
    </ClInclude>
    <ClInclude Include="Source\Lab\Test1\Renderer\masShader.h">
      <Filter>Header Files</Filter>
    </ClInclude>
    <ClInclude Include="Source\Lab\Test1\Renderer\masCamera.h">
      <Filter>Header Files</Filter>
    </ClInclude>
    <ClInclude Include="Source\Lab\Test1\Renderer\masRender.h">
      <Filter>Header Files</Filter>
    </ClInclude>
    <ClInclude Include="Source\Lab\Test1\Renderer\masTextureDefs.h">
      <Filter>Header Files</Filter>
    </ClInclude>
    <ClInclude Include="Source\Lab\Test1\masAssetManager.h">
      <Filter>Header Files</Filter>
    </ClInclude>
    <ClInclude Include="Source\Lab\Test1\RefactorCode\masScene.h">
      <Filter>Header Files</Filter>
    </ClInclude>
    <ClInclude Include="Source\Lab\Test1\RefactorCode\Resources\masResourceDef.h">
      <Filter>Header Files</Filter>
    </ClInclude>
    <ClInclude Include="Source\Lab\Test1\RefactorCode\Resources\masShader.h">
      <Filter>Header Files</Filter>
    </ClInclude>
    <ClInclude Include="Source\Lab\Test1\RefactorCode\Resources\masMaterial.h">
      <Filter>Header Files</Filter>
    </ClInclude>
    <ClInclude Include="Source\Lab\Test1\RefactorCode\Resources\masTextureDefs.h">
      <Filter>Header Files</Filter>
    </ClInclude>
    <ClInclude Include="Source\Lab\Test1\RefactorCode\Resources\masModel.h">
      <Filter>Header Files</Filter>
    </ClInclude>
    <ClInclude Include="Source\Lab\Test1\RefactorCode\Resources\masTransform.h">
      <Filter>Header Files</Filter>
    </ClInclude>
    <ClInclude Include="Source\Lab\Test1\RefactorCode\Resources\masLight.h">
      <Filter>Header Files</Filter>
    </ClInclude>
    <ClInclude Include="Source\Lab\Test1\RefactorCode\Resources\masCamera.h">
      <Filter>Header Files</Filter>
    </ClInclude>
    <ClInclude Include="Source\Lab\Test1\RefactorCode\Pool\masHandle.h">
      <Filter>Header Files</Filter>
    </ClInclude>
    <ClInclude Include="Source\Lab\Test1\RefactorCode\Pool\masPool.h">
      <Filter>Header Files</Filter>
    </ClInclude>
    <ClInclude Include="Source\Lab\Test1\RefactorCode\Pool\test\test.h">
      <Filter>Header Files</Filter>
    </ClInclude>
    <ClInclude Include="Source\Lab\Test1\RefactorCode\Pool\masPoolRegistery.h">
      <Filter>Header Files</Filter>
    </ClInclude>
    <ClInclude Include="Source\Lab\Test1\RefactorCode\Pool\masRawPool.h">
      <Filter>Header Files</Filter>
    </ClInclude>
    <ClInclude Include="Source\Lab\Test1\RefactorCode\Pool\MaterialSystem\masMaterialScalars.h">
      <Filter>Header Files</Filter>
    </ClInclude>
    <ClInclude Include="Source\Lab\Test1\RefactorCode\Pool\MaterialSystem\masTexture.h">
      <Filter>Header Files</Filter>
    </ClInclude>
    <ClInclude Include="Source\Lab\Test1\RefactorCode\Pool\MaterialSystem\masTextureSampler.h">
      <Filter>Header Files</Filter>
    </ClInclude>
    <ClInclude Include="Source\Lab\Test1\RefactorCode\Pool\MaterialSystem\masImageLoader.h">
      <Filter>Header Files</Filter>
    </ClInclude>
    <ClInclude Include="Source\Lab\Test1\RefactorCode\Pool\MaterialSystem\masMaterial.h">
      <Filter>Header Files</Filter>
    </ClInclude>
    <ClInclude Include="Source\Lab\Test1\RefactorCode\Pool\MaterialSystem\masShader.h">
      <Filter>Header Files</Filter>
    </ClInclude>
    <ClInclude Include="Source\Lab\Test1\RefactorCode\Pool\ModelLoader\masModel.h">
      <Filter>Header Files</Filter>
    </ClInclude>
    <ClInclude Include="Source\Lab\Test1\RefactorCode\Pool\masHandleList.h">
      <Filter>Header Files</Filter>
    </ClInclude>
    <ClInclude Include="Source\Lab\Test1\RefactorCode\Pool\RefactorPool\masHandle.h">
      <Filter>Header Files</Filter>
    </ClInclude>
    <ClInclude Include="Source\Lab\Test1\RefactorCode\Pool\RefactorPool\masPool.h">
      <Filter>Header Files</Filter>
    </ClInclude>
    <ClInclude Include="Source\Lab\Test1\RefactorCode\Pool\RefactorPool\MaterialSystem\masTexture.h">
      <Filter>Header Files</Filter>
    </ClInclude>
    <ClInclude Include="Source\Lab\Test1\RefactorCode\Pool\RefactorPool\MaterialSystem\masImageLoader.h">
      <Filter>Header Files</Filter>
    </ClInclude>
    <ClInclude Include="Source\Lab\Test1\RefactorCode\Pool\RefactorPool\masPoolRegistery.h">
      <Filter>Header Files</Filter>
    </ClInclude>
    <ClInclude Include="Source\Lab\Test1\RefactorCode\Pool\RefactorPool\ModelSystem\masModel.h">
      <Filter>Header Files</Filter>
    </ClInclude>
    <ClInclude Include="Source\Lab\Test1\RefactorCode\Pool\RefactorPool\ModelSystem\masMesh.h">
      <Filter>Header Files</Filter>
    </ClInclude>
    <ClInclude Include="Source\Lab\Test1\RefactorCode\Array\masArray.h">
      <Filter>Header Files</Filter>
    </ClInclude>
    <ClInclude Include="Source\Lab\Test1\RefactorCode\Array\masHandle.h">
      <Filter>Header Files</Filter>
    </ClInclude>
    <ClInclude Include="Source\Lab\Test1\RefactorCode\Array\masSceneGraph.h">
      <Filter>Header Files</Filter>
    </ClInclude>
    <ClInclude Include="Source\Lab\Test2\ECSFrame\Prototype.h">
      <Filter>Header Files</Filter>
    </ClInclude>
    <ClInclude Include="Source\Lab\Test2\ECSFrame\Prototype_V1.h">
      <Filter>Header Files</Filter>
    </ClInclude>
  </ItemGroup>
</Project>